# This file is automatically @generated by Cargo.
# It is not intended for manual editing.
version = 3

[[package]]
name = "bitflags"
version = "2.3.2"
source = "registry+https://github.com/rust-lang/crates.io-index"
checksum = "6dbe3c979c178231552ecba20214a8272df4e09f232a87aef4320cf06539aded"

[[package]]
name = "hello"
version = "0.1.0"
dependencies = [
 "hello-bindings",
 "wit-bindgen",
]

[[package]]
name = "hello-bindings"
version = "0.1.0"
dependencies = [
 "wit-bindgen",
]

[[package]]
name = "wit-bindgen"
version = "0.6.0"
source = "registry+https://github.com/rust-lang/crates.io-index"
checksum = "ad22d93d3f55847ac4b3df31607a26f35231754ef472382319de032770d8b5bf"
dependencies = [
 "bitflags",
]
